// !$*UTF8*$!
{
	archiveVersion = 1;
	classes = {
	};
	objectVersion = 46;
	objects = {

/* Begin PBXBuildFile section */
		D60C314F1C953462007CD723 /* AppDelegate.swift in Sources */ = {isa = PBXBuildFile; fileRef = D60C314E1C953462007CD723 /* AppDelegate.swift */; };
		D60C31511C953462007CD723 /* ViewController.swift in Sources */ = {isa = PBXBuildFile; fileRef = D60C31501C953462007CD723 /* ViewController.swift */; };
		D60C31541C953462007CD723 /* Main.storyboard in Resources */ = {isa = PBXBuildFile; fileRef = D60C31521C953462007CD723 /* Main.storyboard */; };
		D60C31561C953462007CD723 /* Images.xcassets in Resources */ = {isa = PBXBuildFile; fileRef = D60C31551C953462007CD723 /* Images.xcassets */; };
		D60C31591C953462007CD723 /* LaunchScreen.xib in Resources */ = {isa = PBXBuildFile; fileRef = D60C31571C953462007CD723 /* LaunchScreen.xib */; };
		D60C31651C953462007CD723 /* rankPhotoTests.swift in Sources */ = {isa = PBXBuildFile; fileRef = D60C31641C953462007CD723 /* rankPhotoTests.swift */; };
/* End PBXBuildFile section */

/* Begin PBXContainerItemProxy section */
		D60C315F1C953462007CD723 /* PBXContainerItemProxy */ = {
			isa = PBXContainerItemProxy;
			containerPortal = D60C31411C953462007CD723 /* Project object */;
			proxyType = 1;
			remoteGlobalIDString = D60C31481C953462007CD723;
			remoteInfo = rankPhoto;
		};
/* End PBXContainerItemProxy section */

/* Begin PBXFileReference section */
		D60C31491C953462007CD723 /* rankPhoto.app */ = {isa = PBXFileReference; explicitFileType = wrapper.application; includeInIndex = 0; path = rankPhoto.app; sourceTree = BUILT_PRODUCTS_DIR; };
		D60C314D1C953462007CD723 /* Info.plist */ = {isa = PBXFileReference; lastKnownFileType = text.plist.xml; path = Info.plist; sourceTree = "<group>"; };
		D60C314E1C953462007CD723 /* AppDelegate.swift */ = {isa = PBXFileReference; lastKnownFileType = sourcecode.swift; path = AppDelegate.swift; sourceTree = "<group>"; };
		D60C31501C953462007CD723 /* ViewController.swift */ = {isa = PBXFileReference; lastKnownFileType = sourcecode.swift; path = ViewController.swift; sourceTree = "<group>"; };
		D60C31531C953462007CD723 /* Base */ = {isa = PBXFileReference; lastKnownFileType = file.storyboard; name = Base; path = Base.lproj/Main.storyboard; sourceTree = "<group>"; };
		D60C31551C953462007CD723 /* Images.xcassets */ = {isa = PBXFileReference; lastKnownFileType = folder.assetcatalog; path = Images.xcassets; sourceTree = "<group>"; };
		D60C31581C953462007CD723 /* Base */ = {isa = PBXFileReference; lastKnownFileType = file.xib; name = Base; path = Base.lproj/LaunchScreen.xib; sourceTree = "<group>"; };
		D60C315E1C953462007CD723 /* rankPhotoTests.xctest */ = {isa = PBXFileReference; explicitFileType = wrapper.cfbundle; includeInIndex = 0; path = rankPhotoTests.xctest; sourceTree = BUILT_PRODUCTS_DIR; };
		D60C31631C953462007CD723 /* Info.plist */ = {isa = PBXFileReference; lastKnownFileType = text.plist.xml; path = Info.plist; sourceTree = "<group>"; };
		D60C31641C953462007CD723 /* rankPhotoTests.swift */ = {isa = PBXFileReference; lastKnownFileType = sourcecode.swift; path = rankPhotoTests.swift; sourceTree = "<group>"; };
/* End PBXFileReference section */

/* Begin PBXFrameworksBuildPhase section */
		D60C31461C953462007CD723 /* Frameworks */ = {
			isa = PBXFrameworksBuildPhase;
			buildActionMask = 2147483647;
			files = (
			);
			runOnlyForDeploymentPostprocessing = 0;
		};
		D60C315B1C953462007CD723 /* Frameworks */ = {
			isa = PBXFrameworksBuildPhase;
			buildActionMask = 2147483647;
			files = (
			);
			runOnlyForDeploymentPostprocessing = 0;
		};
/* End PBXFrameworksBuildPhase section */

/* Begin PBXGroup section */
		D60C31401C953462007CD723 = {
			isa = PBXGroup;
			children = (
				D60C314B1C953462007CD723 /* rankPhoto */,
				D60C31611C953462007CD723 /* rankPhotoTests */,
				D60C314A1C953462007CD723 /* Products */,
			);
			sourceTree = "<group>";
		};
		D60C314A1C953462007CD723 /* Products */ = {
			isa = PBXGroup;
			children = (
				D60C31491C953462007CD723 /* rankPhoto.app */,
				D60C315E1C953462007CD723 /* rankPhotoTests.xctest */,
			);
			name = Products;
			sourceTree = "<group>";
		};
		D60C314B1C953462007CD723 /* rankPhoto */ = {
			isa = PBXGroup;
			children = (
				D60C314E1C953462007CD723 /* AppDelegate.swift */,
				D60C31501C953462007CD723 /* ViewController.swift */,
				D60C31521C953462007CD723 /* Main.storyboard */,
				D60C31551C953462007CD723 /* Images.xcassets */,
				D60C31571C953462007CD723 /* LaunchScreen.xib */,
				D60C314C1C953462007CD723 /* Supporting Files */,
			);
			path = rankPhoto;
			sourceTree = "<group>";
		};
		D60C314C1C953462007CD723 /* Supporting Files */ = {
			isa = PBXGroup;
			children = (
				D60C314D1C953462007CD723 /* Info.plist */,
			);
			name = "Supporting Files";
			sourceTree = "<group>";
		};
		D60C31611C953462007CD723 /* rankPhotoTests */ = {
			isa = PBXGroup;
			children = (
				D60C31641C953462007CD723 /* rankPhotoTests.swift */,
				D60C31621C953462007CD723 /* Supporting Files */,
			);
			path = rankPhotoTests;
			sourceTree = "<group>";
		};
		D60C31621C953462007CD723 /* Supporting Files */ = {
			isa = PBXGroup;
			children = (
				D60C31631C953462007CD723 /* Info.plist */,
			);
			name = "Supporting Files";
			sourceTree = "<group>";
		};
/* End PBXGroup section */

/* Begin PBXNativeTarget section */
		D60C31481C953462007CD723 /* rankPhoto */ = {
			isa = PBXNativeTarget;
			buildConfigurationList = D60C31681C953462007CD723 /* Build configuration list for PBXNativeTarget "rankPhoto" */;
			buildPhases = (
				D60C31451C953462007CD723 /* Sources */,
				D60C31461C953462007CD723 /* Frameworks */,
				D60C31471C953462007CD723 /* Resources */,
			);
			buildRules = (
			);
			dependencies = (
			);
			name = rankPhoto;
			productName = rankPhoto;
			productReference = D60C31491C953462007CD723 /* rankPhoto.app */;
			productType = "com.apple.product-type.application";
		};
		D60C315D1C953462007CD723 /* rankPhotoTests */ = {
			isa = PBXNativeTarget;
			buildConfigurationList = D60C316B1C953462007CD723 /* Build configuration list for PBXNativeTarget "rankPhotoTests" */;
			buildPhases = (
				D60C315A1C953462007CD723 /* Sources */,
				D60C315B1C953462007CD723 /* Frameworks */,
				D60C315C1C953462007CD723 /* Resources */,
			);
			buildRules = (
			);
			dependencies = (
				D60C31601C953462007CD723 /* PBXTargetDependency */,
			);
			name = rankPhotoTests;
			productName = rankPhotoTests;
			productReference = D60C315E1C953462007CD723 /* rankPhotoTests.xctest */;
			productType = "com.apple.product-type.bundle.unit-test";
		};
/* End PBXNativeTarget section */

/* Begin PBXProject section */
		D60C31411C953462007CD723 /* Project object */ = {
			isa = PBXProject;
			attributes = {
				LastUpgradeCheck = 0630;
				ORGANIZATIONNAME = mycompany;
				TargetAttributes = {
					D60C31481C953462007CD723 = {
						CreatedOnToolsVersion = 6.3.1;
					};
					D60C315D1C953462007CD723 = {
						CreatedOnToolsVersion = 6.3.1;
						TestTargetID = D60C31481C953462007CD723;
					};
				};
			};
			buildConfigurationList = D60C31441C953462007CD723 /* Build configuration list for PBXProject "rankPhoto" */;
			compatibilityVersion = "Xcode 3.2";
			developmentRegion = English;
			hasScannedForEncodings = 0;
			knownRegions = (
				en,
				Base,
			);
			mainGroup = D60C31401C953462007CD723;
			productRefGroup = D60C314A1C953462007CD723 /* Products */;
			projectDirPath = "";
			projectRoot = "";
			targets = (
				D60C31481C953462007CD723 /* rankPhoto */,
				D60C315D1C953462007CD723 /* rankPhotoTests */,
			);
		};
/* End PBXProject section */

/* Begin PBXResourcesBuildPhase section */
		D60C31471C953462007CD723 /* Resources */ = {
			isa = PBXResourcesBuildPhase;
			buildActionMask = 2147483647;
			files = (
				D60C31541C953462007CD723 /* Main.storyboard in Resources */,
				D60C31591C953462007CD723 /* LaunchScreen.xib in Resources */,
				D60C31561C953462007CD723 /* Images.xcassets in Resources */,
			);
			runOnlyForDeploymentPostprocessing = 0;
		};
		D60C315C1C953462007CD723 /* Resources */ = {
			isa = PBXResourcesBuildPhase;
			buildActionMask = 2147483647;
			files = (
			);
			runOnlyForDeploymentPostprocessing = 0;
		};
/* End PBXResourcesBuildPhase section */

/* Begin PBXSourcesBuildPhase section */
		D60C31451C953462007CD723 /* Sources */ = {
			isa = PBXSourcesBuildPhase;
			buildActionMask = 2147483647;
			files = (
				D60C31511C953462007CD723 /* ViewController.swift in Sources */,
				D60C314F1C953462007CD723 /* AppDelegate.swift in Sources */,
			);
			runOnlyForDeploymentPostprocessing = 0;
		};
		D60C315A1C953462007CD723 /* Sources */ = {
			isa = PBXSourcesBuildPhase;
			buildActionMask = 2147483647;
			files = (
				D60C31651C953462007CD723 /* rankPhotoTests.swift in Sources */,
			);
			runOnlyForDeploymentPostprocessing = 0;
		};
/* End PBXSourcesBuildPhase section */

/* Begin PBXTargetDependency section */
		D60C31601C953462007CD723 /* PBXTargetDependency */ = {
			isa = PBXTargetDependency;
			target = D60C31481C953462007CD723 /* rankPhoto */;
			targetProxy = D60C315F1C953462007CD723 /* PBXContainerItemProxy */;
		};
/* End PBXTargetDependency section */

/* Begin PBXVariantGroup section */
		D60C31521C953462007CD723 /* Main.storyboard */ = {
			isa = PBXVariantGroup;
			children = (
				D60C31531C953462007CD723 /* Base */,
			);
			name = Main.storyboard;
			sourceTree = "<group>";
		};
		D60C31571C953462007CD723 /* LaunchScreen.xib */ = {
			isa = PBXVariantGroup;
			children = (
				D60C31581C953462007CD723 /* Base */,
			);
			name = LaunchScreen.xib;
			sourceTree = "<group>";
		};
/* End PBXVariantGroup section */

/* Begin XCBuildConfiguration section */
		D60C31661C953462007CD723 /* Debug */ = {
			isa = XCBuildConfiguration;
			buildSettings = {
				ALWAYS_SEARCH_USER_PATHS = NO;
				CLANG_CXX_LANGUAGE_STANDARD = "gnu++0x";
				CLANG_CXX_LIBRARY = "libc++";
				CLANG_ENABLE_MODULES = YES;
				CLANG_ENABLE_OBJC_ARC = YES;
				CLANG_WARN_BOOL_CONVERSION = YES;
				CLANG_WARN_CONSTANT_CONVERSION = YES;
				CLANG_WARN_DIRECT_OBJC_ISA_USAGE = YES_ERROR;
				CLANG_WARN_EMPTY_BODY = YES;
				CLANG_WARN_ENUM_CONVERSION = YES;
				CLANG_WARN_INT_CONVERSION = YES;
				CLANG_WARN_OBJC_ROOT_CLASS = YES_ERROR;
				CLANG_WARN_UNREACHABLE_CODE = YES;
				CLANG_WARN__DUPLICATE_METHOD_MATCH = YES;
				"CODE_SIGN_IDENTITY[sdk=iphoneos*]" = "iPhone Developer";
				COPY_PHASE_STRIP = NO;
				DEBUG_INFORMATION_FORMAT = "dwarf-with-dsym";
				ENABLE_STRICT_OBJC_MSGSEND = YES;
				GCC_C_LANGUAGE_STANDARD = gnu99;
				GCC_DYNAMIC_NO_PIC = NO;
				GCC_NO_COMMON_BLOCKS = YES;
				GCC_OPTIMIZATION_LEVEL = 0;
				GCC_PREPROCESSOR_DEFINITIONS = (
					"DEBUG=1",
					"$(inherited)",
				);
				GCC_SYMBOLS_PRIVATE_EXTERN = NO;
				GCC_WARN_64_TO_32_BIT_CONVERSION = YES;
				GCC_WARN_ABOUT_RETURN_TYPE = YES_ERROR;
				GCC_WARN_UNDECLARED_SELECTOR = YES;
				GCC_WARN_UNINITIALIZED_AUTOS = YES_AGGRESSIVE;
				GCC_WARN_UNUSED_FUNCTION = YES;
				GCC_WARN_UNUSED_VARIABLE = YES;
				IPHONEOS_DEPLOYMENT_TARGET = 8.3;
				MTL_ENABLE_DEBUG_INFO = YES;
				ONLY_ACTIVE_ARCH = YES;
				SDKROOT = iphoneos;
				SWIFT_OPTIMIZATION_LEVEL = "-Onone";
				TARGETED_DEVICE_FAMILY = "1,2";
			};
			name = Debug;
		};
		D60C31671C953462007CD723 /* Release */ = {
			isa = XCBuildConfiguration;
			buildSettings = {
				ALWAYS_SEARCH_USER_PATHS = NO;
				CLANG_CXX_LANGUAGE_STANDARD = "gnu++0x";
				CLANG_CXX_LIBRARY = "libc++";
				CLANG_ENABLE_MODULES = YES;
				CLANG_ENABLE_OBJC_ARC = YES;
				CLANG_WARN_BOOL_CONVERSION = YES;
				CLANG_WARN_CONSTANT_CONVERSION = YES;
				CLANG_WARN_DIRECT_OBJC_ISA_USAGE = YES_ERROR;
				CLANG_WARN_EMPTY_BODY = YES;
				CLANG_WARN_ENUM_CONVERSION = YES;
				CLANG_WARN_INT_CONVERSION = YES;
				CLANG_WARN_OBJC_ROOT_CLASS = YES_ERROR;
				CLANG_WARN_UNREACHABLE_CODE = YES;
				CLANG_WARN__DUPLICATE_METHOD_MATCH = YES;
				"CODE_SIGN_IDENTITY[sdk=iphoneos*]" = "iPhone Developer";
				COPY_PHASE_STRIP = NO;
				DEBUG_INFORMATION_FORMAT = "dwarf-with-dsym";
				ENABLE_NS_ASSERTIONS = NO;
				ENABLE_STRICT_OBJC_MSGSEND = YES;
				GCC_C_LANGUAGE_STANDARD = gnu99;
				GCC_NO_COMMON_BLOCKS = YES;
				GCC_WARN_64_TO_32_BIT_CONVERSION = YES;
				GCC_WARN_ABOUT_RETURN_TYPE = YES_ERROR;
				GCC_WARN_UNDECLARED_SELECTOR = YES;
				GCC_WARN_UNINITIALIZED_AUTOS = YES_AGGRESSIVE;
				GCC_WARN_UNUSED_FUNCTION = YES;
				GCC_WARN_UNUSED_VARIABLE = YES;
				IPHONEOS_DEPLOYMENT_TARGET = 8.3;
				MTL_ENABLE_DEBUG_INFO = NO;
				SDKROOT = iphoneos;
				TARGETED_DEVICE_FAMILY = "1,2";
				VALIDATE_PRODUCT = YES;
			};
			name = Release;
		};
		D60C31691C953462007CD723 /* Debug */ = {
			isa = XCBuildConfiguration;
			buildSettings = {
				ASSETCATALOG_COMPILER_APPICON_NAME = AppIcon;
				INFOPLIST_FILE = rankPhoto/Info.plist;
				LD_RUNPATH_SEARCH_PATHS = "$(inherited) @executable_path/Frameworks";
				PRODUCT_NAME = "$(TARGET_NAME)";
			};
			name = Debug;
		};
		D60C316A1C953462007CD723 /* Release */ = {
			isa = XCBuildConfiguration;
			buildSettings = {
				ASSETCATALOG_COMPILER_APPICON_NAME = AppIcon;
				INFOPLIST_FILE = rankPhoto/Info.plist;
				LD_RUNPATH_SEARCH_PATHS = "$(inherited) @executable_path/Frameworks";
				PRODUCT_NAME = "$(TARGET_NAME)";
			};
			name = Release;
		};
		D60C316C1C953462007CD723 /* Debug */ = {
			isa = XCBuildConfiguration;
			buildSettings = {
				BUNDLE_LOADER = "$(TEST_HOST)";
				FRAMEWORK_SEARCH_PATHS = (
					"$(SDKROOT)/Developer/Library/Frameworks",
					"$(inherited)",
				);
				GCC_PREPROCESSOR_DEFINITIONS = (
					"DEBUG=1",
					"$(inherited)",
				);
				INFOPLIST_FILE = rankPhotoTests/Info.plist;
				LD_RUNPATH_SEARCH_PATHS = "$(inherited) @executable_path/Frameworks @loader_path/Frameworks";
				PRODUCT_NAME = "$(TARGET_NAME)";
				TEST_HOST = "$(BUILT_PRODUCTS_DIR)/rankPhoto.app/rankPhoto";
			};
			name = Debug;
		};
		D60C316D1C953462007CD723 /* Release */ = {
			isa = XCBuildConfiguration;
			buildSettings = {
				BUNDLE_LOADER = "$(TEST_HOST)";
				FRAMEWORK_SEARCH_PATHS = (
					"$(SDKROOT)/Developer/Library/Frameworks",
					"$(inherited)",
				);
				INFOPLIST_FILE = rankPhotoTests/Info.plist;
				LD_RUNPATH_SEARCH_PATHS = "$(inherited) @executable_path/Frameworks @loader_path/Frameworks";
				PRODUCT_NAME = "$(TARGET_NAME)";
				TEST_HOST = "$(BUILT_PRODUCTS_DIR)/rankPhoto.app/rankPhoto";
			};
			name = Release;
		};
/* End XCBuildConfiguration section */

/* Begin XCConfigurationList section */
		D60C31441C953462007CD723 /* Build configuration list for PBXProject "rankPhoto" */ = {
			isa = XCConfigurationList;
			buildConfigurations = (
				D60C31661C953462007CD723 /* Debug */,
				D60C31671C953462007CD723 /* Release */,
			);
			defaultConfigurationIsVisible = 0;
			defaultConfigurationName = Release;
		};
		D60C31681C953462007CD723 /* Build configuration list for PBXNativeTarget "rankPhoto" */ = {
			isa = XCConfigurationList;
			buildConfigurations = (
				D60C31691C953462007CD723 /* Debug */,
				D60C316A1C953462007CD723 /* Release */,
			);
			defaultConfigurationIsVisible = 0;
		};
		D60C316B1C953462007CD723 /* Build configuration list for PBXNativeTarget "rankPhotoTests" */ = {
			isa = XCConfigurationList;
			buildConfigurations = (
				D60C316C1C953462007CD723 /* Debug */,
				D60C316D1C953462007CD723 /* Release */,
			);
			defaultConfigurationIsVisible = 0;
		};
/* End XCConfigurationList section */
	};
	rootObject = D60C31411C953462007CD723 /* Project object */;
}
